<?xml version="1.0" encoding="utf-8"?>
<Project ToolsVersion="4.0" xmlns="http://schemas.microsoft.com/developer/msbuild/2003">
  <ItemGroup>
    <ClCompile Include="VSTHost.cpp" />
    <ClCompile Include="CLAPHost.cpp" />
    <ClCompile Include="AudioPluginFactory.cpp" />
    <ClCompile Include="vst3sdk\public.sdk\source\common\memorystream.cpp" />
    <ClCompile Include="vst3sdk\public.sdk\source\vst\hosting\module_win32.cpp" />
    <ClCompile Include="vst3sdk\public.sdk\source\vst\hosting\plugprovider.cpp" />
    <ClCompile Include="FilterHost.cpp" />
    <ClCompile Include="PluginMain.cpp" />
    <ClCompile Include="ToolUtility.cpp" />
    <ClCompile Include="ToolEQ.cpp" />
    <ClCompile Include="ToolStereo.cpp" />
    <ClCompile Include="ToolDynamics.cpp" />
    <ClCompile Include="ToolSpatial.cpp" />
    <ClCompile Include="ToolModulation.cpp" />
    <ClCompile Include="ToolDistortion.cpp" />
    <ClCompile Include="ToolMaximizer.cpp" />
    <ClCompile Include="PluginManager.cpp" />
    <ClCompile Include="MidiParser.cpp" />
    <ClCompile Include="ToolChainSend.cpp" />
    <ClCompile Include="ToolChainComp.cpp" />
    <ClCompile Include="ToolChainGate.cpp" />
    <ClCompile Include="ToolGenerator.cpp" />
    <ClCompile Include="ToolPitchShift.cpp" />
    <ClCompile Include="ToolReverb.cpp" />
    <ClCompile Include="ToolPhaser.cpp" />
    <ClCompile Include="ToolChainDynamicEQ.cpp" />
    <ClCompile Include="ToolChainFilter.cpp" />
    <ClCompile Include="ToolDeEsser.cpp" />
    <ClCompile Include="ToolAutoWah.cpp" />
    <ClCompile Include="ToolNotesSend.cpp" />
    <ClCompile Include="ToolSpectralGate.cpp" />
    <ClCompile Include="ToolMidiVisualizer.cpp" />
    <ClCompile Include="Config.cpp" />
    <ClCompile Include="ToolMidiGenerator.cpp" />
    <ClCompile Include="ToolGenerator2.cpp" />
  </ItemGroup>
  <ItemGroup>
    <ClInclude Include="IAudioPluginHost.h" />
    <ClInclude Include="PluginType.h" />
    <ClInclude Include="VstHost.h" />
    <ClInclude Include="ClapHost.h" />
    <ClInclude Include="AudioPluginFactory.h" />
    <ClInclude Include="Eap2Common.h" />
    <ClInclude Include="PluginManager.h" />
    <ClInclude Include="StringUtils.h" />
    <ClInclude Include="MidiParser.h" />
    <ClInclude Include="ChainManager.h" />
    <ClInclude Include="AVX2Utils.h" />
    <ClInclude Include="NotesManager.h" />
    <ClInclude Include="ToolParamListWindow.h" />
    <ClInclude Include="Eap2Config.h" />
    <ClInclude Include="Eap2Info.h" />
    <ClInclude Include="SynthCommon.h" />
  </ItemGroup>
</Project>